
Microsoft Visual Studio Solution File, Format Version 12.00
# Visual Studio Version 16
VisualStudioVersion = 16.0.29613.14
MinimumVisualStudioVersion = 10.0.40219.1
Project("{FAE04EC0-301F-11D3-BF4B-00C04F79EFBC}") = "3 classes", "3 classes\3 classes.csproj", "{577D8598-7E7F-4FC1-9F2E-8312241CFEFA}"
EndProject
Global
	GlobalSection(SolutionConfigurationPlatforms) = preSolution
		Debug|Any CPU = Debug|Any CPU
		Release|Any CPU = Release|Any CPU
	EndGlobalSection
	GlobalSection(ProjectConfigurationPlatforms) = postSolution
		{577D8598-7E7F-4FC1-9F2E-8312241CFEFA}.Debug|Any CPU.ActiveCfg = Debug|Any CPU
		{577D8598-7E7F-4FC1-9F2E-8312241CFEFA}.Debug|Any CPU.Build.0 = Debug|Any CPU
		{577D8598-7E7F-4FC1-9F2E-8312241CFEFA}.Release|Any CPU.ActiveCfg = Release|Any CPU
		{577D8598-7E7F-4FC1-9F2E-8312241CFEFA}.Release|Any CPU.Build.0 = Release|Any CPU
	EndGlobalSection
	GlobalSection(SolutionProperties) = preSolution
		HideSolutionNode = FALSE
	EndGlobalSection
	GlobalSection(ExtensibilityGlobals) = postSolution
		SolutionGuid = {637D147C-3BD3-4F28-9AE8-3B43B5BAD8FB}
	EndGlobalSection
EndGlobal
